// !$*UTF8*$!
{
	archiveVersion = 1;
	classes = {
	};
	objectVersion = 46;
	objects = {

/* Begin PBXFileReference section */
		CDCDF5D21BA017E100997157 /* stack.h */ = {isa = PBXFileReference; lastKnownFileType = sourcecode.c.h; path = stack.h; sourceTree = "<group>"; };
		CDCDF5D31BA017F600997157 /* arrayStack.cpp */ = {isa = PBXFileReference; lastKnownFileType = sourcecode.cpp.cpp; path = arrayStack.cpp; sourceTree = "<group>"; };
		CDCDF5D51BA0181900997157 /* pointerStack.cpp */ = {isa = PBXFileReference; lastKnownFileType = sourcecode.cpp.cpp; path = pointerStack.cpp; sourceTree = "<group>"; };
		CDCDF5D71BA0184900997157 /* vectorStack.cpp */ = {isa = PBXFileReference; lastKnownFileType = sourcecode.cpp.cpp; path = vectorStack.cpp; sourceTree = "<group>"; };
		CDCDF5D91BA0186400997157 /* stlStack.cpp */ = {isa = PBXFileReference; lastKnownFileType = sourcecode.cpp.cpp; path = stlStack.cpp; sourceTree = "<group>"; };
/* End PBXFileReference section */

/* Begin PBXGroup section */
		CDCDF5CB1BA017BE00997157 = {
			isa = PBXGroup;
			children = (
				CDCDF5D21BA017E100997157 /* stack.h */,
				CDCDF5D31BA017F600997157 /* arrayStack.cpp */,
				CDCDF5D51BA0181900997157 /* pointerStack.cpp */,
				CDCDF5D71BA0184900997157 /* vectorStack.cpp */,
				CDCDF5D91BA0186400997157 /* stlStack.cpp */,
			);
			sourceTree = "<group>";
		};
/* End PBXGroup section */

/* Begin PBXProject section */
		CDCDF5CC1BA017BE00997157 /* Project object */ = {
			isa = PBXProject;
			attributes = {
				LastUpgradeCheck = 0640;
			};
			buildConfigurationList = CDCDF5CF1BA017BE00997157 /* Build configuration list for PBXProject "Stacks" */;
			compatibilityVersion = "Xcode 3.2";
			developmentRegion = English;
			hasScannedForEncodings = 0;
			knownRegions = (
				en,
			);
			mainGroup = CDCDF5CB1BA017BE00997157;
			projectDirPath = "";
			projectRoot = "";
			targets = (
			);
		};
/* End PBXProject section */

/* Begin XCBuildConfiguration section */
		CDCDF5D01BA017BE00997157 /* Debug */ = {
			isa = XCBuildConfiguration;
			buildSettings = {
			};
			name = Debug;
		};
		CDCDF5D11BA017BE00997157 /* Release */ = {
			isa = XCBuildConfiguration;
			buildSettings = {
			};
			name = Release;
		};
/* End XCBuildConfiguration section */

/* Begin XCConfigurationList section */
		CDCDF5CF1BA017BE00997157 /* Build configuration list for PBXProject "Stacks" */ = {
			isa = XCConfigurationList;
			buildConfigurations = (
				CDCDF5D01BA017BE00997157 /* Debug */,
				CDCDF5D11BA017BE00997157 /* Release */,
			);
			defaultConfigurationIsVisible = 0;
			defaultConfigurationName = Release;
		};
/* End XCConfigurationList section */
	};
	rootObject = CDCDF5CC1BA017BE00997157 /* Project object */;
}
