// !$*UTF8*$!
{
	archiveVersion = 1;
	classes = {
	};
	objectVersion = 46;
	objects = {

/* Begin PBXFileReference section */
		CDCDF5DB1BA01E6700997157 /* main.cpp */ = {isa = PBXFileReference; lastKnownFileType = sourcecode.cpp.cpp; path = main.cpp; sourceTree = "<group>"; };
		CDCDF5DE1BA0335800997157 /* arrayStack.cpp */ = {isa = PBXFileReference; lastKnownFileType = sourcecode.cpp.cpp; path = arrayStack.cpp; sourceTree = "<group>"; };
		CDCDF5DF1BA0335800997157 /* arrayStack.h */ = {isa = PBXFileReference; lastKnownFileType = sourcecode.c.h; path = arrayStack.h; sourceTree = "<group>"; };
		CDCDF5E01BA0335F00997157 /* pointerStack.cpp */ = {isa = PBXFileReference; lastKnownFileType = sourcecode.cpp.cpp; path = pointerStack.cpp; sourceTree = "<group>"; };
		CDCDF5E11BA0335F00997157 /* pointerStack.h */ = {isa = PBXFileReference; lastKnownFileType = sourcecode.c.h; path = pointerStack.h; sourceTree = "<group>"; };
		CDCDF5E21BA0336900997157 /* vectorStack.cpp */ = {isa = PBXFileReference; lastKnownFileType = sourcecode.cpp.cpp; path = vectorStack.cpp; sourceTree = "<group>"; };
		CDCDF5E31BA0336900997157 /* vectorStack.h */ = {isa = PBXFileReference; lastKnownFileType = sourcecode.c.h; path = vectorStack.h; sourceTree = "<group>"; };
		CDCDF5E41BA0396B00997157 /* stackStack.cpp */ = {isa = PBXFileReference; lastKnownFileType = sourcecode.cpp.cpp; path = stackStack.cpp; sourceTree = "<group>"; };
		CDCDF5E51BA0396B00997157 /* stackStack.h */ = {isa = PBXFileReference; lastKnownFileType = sourcecode.c.h; path = stackStack.h; sourceTree = "<group>"; };
		CDCDF5E61BA03F9700997157 /* makefile */ = {isa = PBXFileReference; lastKnownFileType = sourcecode.make; path = makefile; sourceTree = "<group>"; };
/* End PBXFileReference section */

/* Begin PBXGroup section */
		CDCDF5CB1BA017BE00997157 = {
			isa = PBXGroup;
			children = (
				CDCDF5DB1BA01E6700997157 /* main.cpp */,
				CDCDF5DE1BA0335800997157 /* arrayStack.cpp */,
				CDCDF5DF1BA0335800997157 /* arrayStack.h */,
				CDCDF5E01BA0335F00997157 /* pointerStack.cpp */,
				CDCDF5E11BA0335F00997157 /* pointerStack.h */,
				CDCDF5E21BA0336900997157 /* vectorStack.cpp */,
				CDCDF5E31BA0336900997157 /* vectorStack.h */,
				CDCDF5E41BA0396B00997157 /* stackStack.cpp */,
				CDCDF5E51BA0396B00997157 /* stackStack.h */,
				CDCDF5E61BA03F9700997157 /* makefile */,
			);
			sourceTree = "<group>";
		};
/* End PBXGroup section */

/* Begin PBXProject section */
		CDCDF5CC1BA017BE00997157 /* Project object */ = {
			isa = PBXProject;
			attributes = {
				LastUpgradeCheck = 0640;
			};
			buildConfigurationList = CDCDF5CF1BA017BE00997157 /* Build configuration list for PBXProject "Stacks" */;
			compatibilityVersion = "Xcode 3.2";
			developmentRegion = English;
			hasScannedForEncodings = 0;
			knownRegions = (
				en,
			);
			mainGroup = CDCDF5CB1BA017BE00997157;
			projectDirPath = "";
			projectRoot = "";
			targets = (
			);
		};
/* End PBXProject section */

/* Begin XCBuildConfiguration section */
		CDCDF5D01BA017BE00997157 /* Debug */ = {
			isa = XCBuildConfiguration;
			buildSettings = {
			};
			name = Debug;
		};
		CDCDF5D11BA017BE00997157 /* Release */ = {
			isa = XCBuildConfiguration;
			buildSettings = {
			};
			name = Release;
		};
/* End XCBuildConfiguration section */

/* Begin XCConfigurationList section */
		CDCDF5CF1BA017BE00997157 /* Build configuration list for PBXProject "Stacks" */ = {
			isa = XCConfigurationList;
			buildConfigurations = (
				CDCDF5D01BA017BE00997157 /* Debug */,
				CDCDF5D11BA017BE00997157 /* Release */,
			);
			defaultConfigurationIsVisible = 0;
			defaultConfigurationName = Release;
		};
/* End XCConfigurationList section */
	};
	rootObject = CDCDF5CC1BA017BE00997157 /* Project object */;
}
